<Solution>
  <Project Path="Traydio.Common/Traydio.Common.csproj" />
  <Project Path="Traydio.Plugin.FmStreamOrg/Traydio.Plugin.FmStreamOrg.csproj" />
  <Project Path="Traydio.Plugin.StreamUrlLink/Traydio.Plugin.StreamUrlLink.csproj" />
  <Project Path="Traydio.SourceGenerator.Sample/Traydio.SourceGenerator.Sample.csproj" />
  <Project Path="Traydio.SourceGenerator.Tests/Traydio.SourceGenerator.Tests.csproj" />
  <Project Path="Traydio.SourceGenerator/Traydio.SourceGenerator.csproj" />
  <Project Path="Traydio/Traydio.csproj" />
</Solution>
